
Microsoft Visual Studio Solution File, Format Version 12.00
# Visual Studio Version 17
VisualStudioVersion = 17.0.31903.59
MinimumVisualStudioVersion = 10.0.40219.1
Project("{F2A71F9B-5D33-465A-A702-920D77279786}") = "DiffTool", "DiffTool\DiffTool.fsproj", "{B7768F82-F928-40E0-81AB-5628605ECE26}"
EndProject
Global
	GlobalSection(SolutionConfigurationPlatforms) = preSolution
		Debug|Any CPU = Debug|Any CPU
		Release|Any CPU = Release|Any CPU
	EndGlobalSection
	GlobalSection(SolutionProperties) = preSolution
		HideSolutionNode = FALSE
	EndGlobalSection
	GlobalSection(ProjectConfigurationPlatforms) = postSolution
		{B7768F82-F928-40E0-81AB-5628605ECE26}.Debug|Any CPU.ActiveCfg = Debug|Any CPU
		{B7768F82-F928-40E0-81AB-5628605ECE26}.Debug|Any CPU.Build.0 = Debug|Any CPU
		{B7768F82-F928-40E0-81AB-5628605ECE26}.Release|Any CPU.ActiveCfg = Release|Any CPU
		{B7768F82-F928-40E0-81AB-5628605ECE26}.Release|Any CPU.Build.0 = Release|Any CPU
	EndGlobalSection
EndGlobal
